
Microsoft Visual Studio Solution File, Format Version 12.00
# Visual Studio Version 16
VisualStudioVersion = 16.0.31112.23
MinimumVisualStudioVersion = 10.0.40219.1
Project("{FAE04EC0-301F-11D3-BF4B-00C04F79EFBC}") = "Bug Smasher Game", "Bug Smasher Game\Bug Smasher Game.csproj", "{704E2D37-FA10-49AE-9F96-7D388CDAAA3A}"
EndProject
Global
	GlobalSection(SolutionConfigurationPlatforms) = preSolution
		Debug|Any CPU = Debug|Any CPU
		Release|Any CPU = Release|Any CPU
	EndGlobalSection
	GlobalSection(ProjectConfigurationPlatforms) = postSolution
		{704E2D37-FA10-49AE-9F96-7D388CDAAA3A}.Debug|Any CPU.ActiveCfg = Debug|Any CPU
		{704E2D37-FA10-49AE-9F96-7D388CDAAA3A}.Debug|Any CPU.Build.0 = Debug|Any CPU
		{704E2D37-FA10-49AE-9F96-7D388CDAAA3A}.Release|Any CPU.ActiveCfg = Release|Any CPU
		{704E2D37-FA10-49AE-9F96-7D388CDAAA3A}.Release|Any CPU.Build.0 = Release|Any CPU
	EndGlobalSection
	GlobalSection(SolutionProperties) = preSolution
		HideSolutionNode = FALSE
	EndGlobalSection
	GlobalSection(ExtensibilityGlobals) = postSolution
		SolutionGuid = {5231433A-4D95-4207-B165-33AC6FF6363C}
	EndGlobalSection
EndGlobal
